
Microsoft Visual Studio Solution File, Format Version 12.00
# Visual Studio 15
VisualStudioVersion = 15.0.28307.168
MinimumVisualStudioVersion = 10.0.40219.1
Project("{9092AA53-FB77-4645-B42D-1CCCA6BD08BD}") = "CoreBlockChain", "CoreBlockChain\CoreBlockChain.njsproj", "{778BF392-00CB-4F85-8394-569A4F48D481}"
EndProject
Global
	GlobalSection(SolutionConfigurationPlatforms) = preSolution
		Debug|Any CPU = Debug|Any CPU
		Release|Any CPU = Release|Any CPU
	EndGlobalSection
	GlobalSection(ProjectConfigurationPlatforms) = postSolution
		{778BF392-00CB-4F85-8394-569A4F48D481}.Debug|Any CPU.ActiveCfg = Debug|Any CPU
		{778BF392-00CB-4F85-8394-569A4F48D481}.Debug|Any CPU.Build.0 = Debug|Any CPU
		{778BF392-00CB-4F85-8394-569A4F48D481}.Release|Any CPU.ActiveCfg = Release|Any CPU
		{778BF392-00CB-4F85-8394-569A4F48D481}.Release|Any CPU.Build.0 = Release|Any CPU
	EndGlobalSection
	GlobalSection(SolutionProperties) = preSolution
		HideSolutionNode = FALSE
	EndGlobalSection
	GlobalSection(ExtensibilityGlobals) = postSolution
		SolutionGuid = {3C08FDDB-6EEB-46ED-8B04-CD494BE30F3F}
	EndGlobalSection
EndGlobal
